
Microsoft Visual Studio Solution File, Format Version 12.00
# Visual Studio 2017
Project("{FAE04EC0-301F-11D3-BF4B-00C04F79EFBC}") = "FPS_Project.Plugins", "FPS_Project.Plugins.csproj", "{034279F9-40EF-BE08-FA8E-442B28FB53FE}"
EndProject
Project("{FAE04EC0-301F-11D3-BF4B-00C04F79EFBC}") = "FPS_Project", "FPS_Project.csproj", "{B6549C65-66C0-BBED-CEEF-1287A8ED9116}"
EndProject
Global
	GlobalSection(SolutionConfigurationPlatforms) = preSolution
		Debug|Any CPU = Debug|Any CPU
		Release|Any CPU = Release|Any CPU
	EndGlobalSection
	GlobalSection(ProjectConfigurationPlatforms) = postSolution
		{034279F9-40EF-BE08-FA8E-442B28FB53FE}.Debug|Any CPU.ActiveCfg = Debug|Any CPU
		{034279F9-40EF-BE08-FA8E-442B28FB53FE}.Debug|Any CPU.Build.0 = Debug|Any CPU
		{034279F9-40EF-BE08-FA8E-442B28FB53FE}.Release|Any CPU.ActiveCfg = Release|Any CPU
		{034279F9-40EF-BE08-FA8E-442B28FB53FE}.Release|Any CPU.Build.0 = Release|Any CPU
		{B6549C65-66C0-BBED-CEEF-1287A8ED9116}.Debug|Any CPU.ActiveCfg = Debug|Any CPU
		{B6549C65-66C0-BBED-CEEF-1287A8ED9116}.Debug|Any CPU.Build.0 = Debug|Any CPU
		{B6549C65-66C0-BBED-CEEF-1287A8ED9116}.Release|Any CPU.ActiveCfg = Release|Any CPU
		{B6549C65-66C0-BBED-CEEF-1287A8ED9116}.Release|Any CPU.Build.0 = Release|Any CPU
	EndGlobalSection
	GlobalSection(SolutionProperties) = preSolution
		HideSolutionNode = FALSE
	EndGlobalSection
EndGlobal
